// !$*UTF8*$!
{
	archiveVersion = 1;
	classes = {
	};
	objectVersion = 48;
	objects = {

/* Begin PBXBuildFile section */
		0C050C331F0679B80091B8BA /* VNRequestResultHandler.swift in Sources */ = {isa = PBXBuildFile; fileRef = 0C050C321F0679B80091B8BA /* VNRequestResultHandler.swift */; };
		0C050C361F0699E40091B8BA /* VNDetectedObjectHandler.swift in Sources */ = {isa = PBXBuildFile; fileRef = 0C050C351F0699E40091B8BA /* VNDetectedObjectHandler.swift */; };
		0C26FE431F0526B400E56DD8 /* VNRequestCaptureDelegate.swift in Sources */ = {isa = PBXBuildFile; fileRef = 0C26FE421F0526B400E56DD8 /* VNRequestCaptureDelegate.swift */; };
		0C813BEB1F09509C00A9CCFF /* Status.swift in Sources */ = {isa = PBXBuildFile; fileRef = 0C813BEA1F09509C00A9CCFF /* Status.swift */; };
		0C813BFC1F0A85AB00A9CCFF /* ObservationTag.h in Sources */ = {isa = PBXBuildFile; fileRef = 0C813BFB1F0A85AB00A9CCFF /* ObservationTag.h */; };
		0C83D70C1F08E9E600D651FC /* Resnet50.mlmodel in Sources */ = {isa = PBXBuildFile; fileRef = 0C83D70B1F08E9E600D651FC /* Resnet50.mlmodel */; };
		0C83D70E1F09084700D651FC /* VNClassificationObservationHandler.swift in Sources */ = {isa = PBXBuildFile; fileRef = 0C83D70D1F09084700D651FC /* VNClassificationObservationHandler.swift */; };
		0C9A215B1F03E16F00861B50 /* EmojiView.swift in Sources */ = {isa = PBXBuildFile; fileRef = 0C9A215A1F03E16F00861B50 /* EmojiView.swift */; };
		0C9A215D1F03E2A100861B50 /* NSView.swift in Sources */ = {isa = PBXBuildFile; fileRef = 0C9A215C1F03E2A100861B50 /* NSView.swift */; };
		0C9A21601F03E35F00861B50 /* NSTextField.swift in Sources */ = {isa = PBXBuildFile; fileRef = 0C9A215F1F03E35F00861B50 /* NSTextField.swift */; };
		0C9A21621F03E55D00861B50 /* NSColor.swift in Sources */ = {isa = PBXBuildFile; fileRef = 0C9A21611F03E55D00861B50 /* NSColor.swift */; };
		0C9A21641F03E59400861B50 /* CGRect.swift in Sources */ = {isa = PBXBuildFile; fileRef = 0C9A21631F03E59400861B50 /* CGRect.swift */; };
		0C9A21661F03E61B00861B50 /* FaceView.swift in Sources */ = {isa = PBXBuildFile; fileRef = 0C9A21651F03E61B00861B50 /* FaceView.swift */; };
		0C9A216A1F04300B00861B50 /* CaptureSession.swift in Sources */ = {isa = PBXBuildFile; fileRef = 0C9A21691F04300B00861B50 /* CaptureSession.swift */; };
		0C9A216F1F0432C900861B50 /* CaptureFrameDuration.swift in Sources */ = {isa = PBXBuildFile; fileRef = 0C9A216E1F0432C900861B50 /* CaptureFrameDuration.swift */; };
		0CB13FF11F01B3AC00D3F18A /* AppDelegate.swift in Sources */ = {isa = PBXBuildFile; fileRef = 0CB13FF01F01B3AC00D3F18A /* AppDelegate.swift */; };
		0CB13FF31F01B3AC00D3F18A /* ViewController.swift in Sources */ = {isa = PBXBuildFile; fileRef = 0CB13FF21F01B3AC00D3F18A /* ViewController.swift */; };
		0CB13FF51F01B3AC00D3F18A /* Assets.xcassets in Resources */ = {isa = PBXBuildFile; fileRef = 0CB13FF41F01B3AC00D3F18A /* Assets.xcassets */; };
		0CB13FF81F01B3AC00D3F18A /* Main.storyboard in Resources */ = {isa = PBXBuildFile; fileRef = 0CB13FF61F01B3AC00D3F18A /* Main.storyboard */; };
/* End PBXBuildFile section */

/* Begin PBXFileReference section */
		0C050C321F0679B80091B8BA /* VNRequestResultHandler.swift */ = {isa = PBXFileReference; lastKnownFileType = sourcecode.swift; path = VNRequestResultHandler.swift; sourceTree = "<group>"; };
		0C050C351F0699E40091B8BA /* VNDetectedObjectHandler.swift */ = {isa = PBXFileReference; lastKnownFileType = sourcecode.swift; path = VNDetectedObjectHandler.swift; sourceTree = "<group>"; };
		0C26FE421F0526B400E56DD8 /* VNRequestCaptureDelegate.swift */ = {isa = PBXFileReference; lastKnownFileType = sourcecode.swift; path = VNRequestCaptureDelegate.swift; sourceTree = "<group>"; };
		0C813BEA1F09509C00A9CCFF /* Status.swift */ = {isa = PBXFileReference; lastKnownFileType = sourcecode.swift; path = Status.swift; sourceTree = "<group>"; };
		0C813BFA1F0A85AB00A9CCFF /* Machine-Bridging-Header.h */ = {isa = PBXFileReference; lastKnownFileType = sourcecode.c.h; path = "Machine-Bridging-Header.h"; sourceTree = "<group>"; };
		0C813BFB1F0A85AB00A9CCFF /* ObservationTag.h */ = {isa = PBXFileReference; lastKnownFileType = sourcecode.c.h; path = ObservationTag.h; sourceTree = "<group>"; };
		0C83D70B1F08E9E600D651FC /* Resnet50.mlmodel */ = {isa = PBXFileReference; lastKnownFileType = file.mlmodel; name = Resnet50.mlmodel; path = ../../../Downloads/Resnet50.mlmodel; sourceTree = "<group>"; };
		0C83D70D1F09084700D651FC /* VNClassificationObservationHandler.swift */ = {isa = PBXFileReference; lastKnownFileType = sourcecode.swift; path = VNClassificationObservationHandler.swift; sourceTree = "<group>"; };
		0C9A215A1F03E16F00861B50 /* EmojiView.swift */ = {isa = PBXFileReference; lastKnownFileType = sourcecode.swift; path = EmojiView.swift; sourceTree = "<group>"; };
		0C9A215C1F03E2A100861B50 /* NSView.swift */ = {isa = PBXFileReference; lastKnownFileType = sourcecode.swift; path = NSView.swift; sourceTree = "<group>"; };
		0C9A215F1F03E35F00861B50 /* NSTextField.swift */ = {isa = PBXFileReference; lastKnownFileType = sourcecode.swift; path = NSTextField.swift; sourceTree = "<group>"; };
		0C9A21611F03E55D00861B50 /* NSColor.swift */ = {isa = PBXFileReference; lastKnownFileType = sourcecode.swift; path = NSColor.swift; sourceTree = "<group>"; };
		0C9A21631F03E59400861B50 /* CGRect.swift */ = {isa = PBXFileReference; lastKnownFileType = sourcecode.swift; path = CGRect.swift; sourceTree = "<group>"; };
		0C9A21651F03E61B00861B50 /* FaceView.swift */ = {isa = PBXFileReference; lastKnownFileType = sourcecode.swift; path = FaceView.swift; sourceTree = "<group>"; };
		0C9A21691F04300B00861B50 /* CaptureSession.swift */ = {isa = PBXFileReference; lastKnownFileType = sourcecode.swift; path = CaptureSession.swift; sourceTree = "<group>"; };
		0C9A216E1F0432C900861B50 /* CaptureFrameDuration.swift */ = {isa = PBXFileReference; lastKnownFileType = sourcecode.swift; path = CaptureFrameDuration.swift; sourceTree = "<group>"; };
		0CB13FED1F01B3AC00D3F18A /* Machine.app */ = {isa = PBXFileReference; explicitFileType = wrapper.application; includeInIndex = 0; path = Machine.app; sourceTree = BUILT_PRODUCTS_DIR; };
		0CB13FF01F01B3AC00D3F18A /* AppDelegate.swift */ = {isa = PBXFileReference; lastKnownFileType = sourcecode.swift; path = AppDelegate.swift; sourceTree = "<group>"; };
		0CB13FF21F01B3AC00D3F18A /* ViewController.swift */ = {isa = PBXFileReference; lastKnownFileType = sourcecode.swift; path = ViewController.swift; sourceTree = "<group>"; };
		0CB13FF41F01B3AC00D3F18A /* Assets.xcassets */ = {isa = PBXFileReference; lastKnownFileType = folder.assetcatalog; path = Assets.xcassets; sourceTree = "<group>"; };
		0CB13FF71F01B3AC00D3F18A /* Base */ = {isa = PBXFileReference; lastKnownFileType = file.storyboard; name = Base; path = Base.lproj/Main.storyboard; sourceTree = "<group>"; };
		0CB13FF91F01B3AC00D3F18A /* Info.plist */ = {isa = PBXFileReference; lastKnownFileType = text.plist.xml; path = Info.plist; sourceTree = "<group>"; };
		0CB13FFA1F01B3AC00D3F18A /* Machine.entitlements */ = {isa = PBXFileReference; lastKnownFileType = text.plist.entitlements; path = Machine.entitlements; sourceTree = "<group>"; };
/* End PBXFileReference section */

/* Begin PBXFrameworksBuildPhase section */
		0CB13FEA1F01B3AC00D3F18A /* Frameworks */ = {
			isa = PBXFrameworksBuildPhase;
			buildActionMask = 2147483647;
			files = (
			);
			runOnlyForDeploymentPostprocessing = 0;
		};
/* End PBXFrameworksBuildPhase section */

/* Begin PBXGroup section */
		0C813BE71F094F6C00A9CCFF /* Views */ = {
			isa = PBXGroup;
			children = (
				0C9A215A1F03E16F00861B50 /* EmojiView.swift */,
				0C9A21651F03E61B00861B50 /* FaceView.swift */,
			);
			path = Views;
			sourceTree = "<group>";
		};
		0C813BE81F094FF500A9CCFF /* Delegates */ = {
			isa = PBXGroup;
			children = (
				0C26FE421F0526B400E56DD8 /* VNRequestCaptureDelegate.swift */,
				0C050C321F0679B80091B8BA /* VNRequestResultHandler.swift */,
				0C050C351F0699E40091B8BA /* VNDetectedObjectHandler.swift */,
				0C83D70D1F09084700D651FC /* VNClassificationObservationHandler.swift */,
			);
			path = Delegates;
			sourceTree = "<group>";
		};
		0C813BE91F09501900A9CCFF /* Extensions */ = {
			isa = PBXGroup;
			children = (
				0C9A215F1F03E35F00861B50 /* NSTextField.swift */,
				0C9A21611F03E55D00861B50 /* NSColor.swift */,
				0C9A21631F03E59400861B50 /* CGRect.swift */,
				0C9A215C1F03E2A100861B50 /* NSView.swift */,
			);
			path = Extensions;
			sourceTree = "<group>";
		};
		0CB13FE41F01B3AC00D3F18A = {
			isa = PBXGroup;
			children = (
				0CB13FEF1F01B3AC00D3F18A /* Machine */,
				0CB13FEE1F01B3AC00D3F18A /* Products */,
			);
			sourceTree = "<group>";
		};
		0CB13FEE1F01B3AC00D3F18A /* Products */ = {
			isa = PBXGroup;
			children = (
				0CB13FED1F01B3AC00D3F18A /* Machine.app */,
			);
			name = Products;
			sourceTree = "<group>";
		};
		0CB13FEF1F01B3AC00D3F18A /* Machine */ = {
			isa = PBXGroup;
			children = (
				0CB13FF01F01B3AC00D3F18A /* AppDelegate.swift */,
				0C813BEA1F09509C00A9CCFF /* Status.swift */,
				0CB13FF21F01B3AC00D3F18A /* ViewController.swift */,
				0C813BFB1F0A85AB00A9CCFF /* ObservationTag.h */,
				0C813BE81F094FF500A9CCFF /* Delegates */,
				0C813BE71F094F6C00A9CCFF /* Views */,
				0C83D70B1F08E9E600D651FC /* Resnet50.mlmodel */,
				0C9A21691F04300B00861B50 /* CaptureSession.swift */,
				0C9A216E1F0432C900861B50 /* CaptureFrameDuration.swift */,
				0C813BE91F09501900A9CCFF /* Extensions */,
				0CB13FF41F01B3AC00D3F18A /* Assets.xcassets */,
				0CB13FF61F01B3AC00D3F18A /* Main.storyboard */,
				0CB13FF91F01B3AC00D3F18A /* Info.plist */,
				0CB13FFA1F01B3AC00D3F18A /* Machine.entitlements */,
				0C813BFA1F0A85AB00A9CCFF /* Machine-Bridging-Header.h */,
			);
			path = Machine;
			sourceTree = "<group>";
		};
/* End PBXGroup section */

/* Begin PBXNativeTarget section */
		0CB13FEC1F01B3AC00D3F18A /* Machine */ = {
			isa = PBXNativeTarget;
			buildConfigurationList = 0CB13FFD1F01B3AC00D3F18A /* Build configuration list for PBXNativeTarget "Machine" */;
			buildPhases = (
				0CB13FE91F01B3AC00D3F18A /* Sources */,
				0CB13FEA1F01B3AC00D3F18A /* Frameworks */,
				0CB13FEB1F01B3AC00D3F18A /* Resources */,
			);
			buildRules = (
			);
			dependencies = (
			);
			name = Machine;
			productName = Machine;
			productReference = 0CB13FED1F01B3AC00D3F18A /* Machine.app */;
			productType = "com.apple.product-type.application";
		};
/* End PBXNativeTarget section */

/* Begin PBXProject section */
		0CB13FE51F01B3AC00D3F18A /* Project object */ = {
			isa = PBXProject;
			attributes = {
				LastSwiftUpdateCheck = 0900;
				LastUpgradeCheck = 0900;
				ORGANIZATIONNAME = lyrae;
				TargetAttributes = {
					0CB13FEC1F01B3AC00D3F18A = {
						CreatedOnToolsVersion = 9.0;
						LastSwiftMigration = 0900;
					};
				};
			};
			buildConfigurationList = 0CB13FE81F01B3AC00D3F18A /* Build configuration list for PBXProject "Machine" */;
			compatibilityVersion = "Xcode 8.0";
			developmentRegion = en;
			hasScannedForEncodings = 0;
			knownRegions = (
				en,
				Base,
			);
			mainGroup = 0CB13FE41F01B3AC00D3F18A;
			productRefGroup = 0CB13FEE1F01B3AC00D3F18A /* Products */;
			projectDirPath = "";
			projectRoot = "";
			targets = (
				0CB13FEC1F01B3AC00D3F18A /* Machine */,
			);
		};
/* End PBXProject section */

/* Begin PBXResourcesBuildPhase section */
		0CB13FEB1F01B3AC00D3F18A /* Resources */ = {
			isa = PBXResourcesBuildPhase;
			buildActionMask = 2147483647;
			files = (
				0CB13FF51F01B3AC00D3F18A /* Assets.xcassets in Resources */,
				0CB13FF81F01B3AC00D3F18A /* Main.storyboard in Resources */,
			);
			runOnlyForDeploymentPostprocessing = 0;
		};
/* End PBXResourcesBuildPhase section */

/* Begin PBXSourcesBuildPhase section */
		0CB13FE91F01B3AC00D3F18A /* Sources */ = {
			isa = PBXSourcesBuildPhase;
			buildActionMask = 2147483647;
			files = (
				0C83D70C1F08E9E600D651FC /* Resnet50.mlmodel in Sources */,
				0C9A216F1F0432C900861B50 /* CaptureFrameDuration.swift in Sources */,
				0CB13FF31F01B3AC00D3F18A /* ViewController.swift in Sources */,
				0CB13FF11F01B3AC00D3F18A /* AppDelegate.swift in Sources */,
				0C050C361F0699E40091B8BA /* VNDetectedObjectHandler.swift in Sources */,
				0C9A215B1F03E16F00861B50 /* EmojiView.swift in Sources */,
				0C9A21661F03E61B00861B50 /* FaceView.swift in Sources */,
				0C9A21601F03E35F00861B50 /* NSTextField.swift in Sources */,
				0C26FE431F0526B400E56DD8 /* VNRequestCaptureDelegate.swift in Sources */,
				0C9A21621F03E55D00861B50 /* NSColor.swift in Sources */,
				0C9A215D1F03E2A100861B50 /* NSView.swift in Sources */,
				0C813BEB1F09509C00A9CCFF /* Status.swift in Sources */,
				0C9A21641F03E59400861B50 /* CGRect.swift in Sources */,
				0C050C331F0679B80091B8BA /* VNRequestResultHandler.swift in Sources */,
				0C83D70E1F09084700D651FC /* VNClassificationObservationHandler.swift in Sources */,
				0C813BFC1F0A85AB00A9CCFF /* ObservationTag.h in Sources */,
				0C9A216A1F04300B00861B50 /* CaptureSession.swift in Sources */,
			);
			runOnlyForDeploymentPostprocessing = 0;
		};
/* End PBXSourcesBuildPhase section */

/* Begin PBXVariantGroup section */
		0CB13FF61F01B3AC00D3F18A /* Main.storyboard */ = {
			isa = PBXVariantGroup;
			children = (
				0CB13FF71F01B3AC00D3F18A /* Base */,
			);
			name = Main.storyboard;
			sourceTree = "<group>";
		};
/* End PBXVariantGroup section */

/* Begin XCBuildConfiguration section */
		0CB13FFB1F01B3AC00D3F18A /* Debug */ = {
			isa = XCBuildConfiguration;
			buildSettings = {
				ALWAYS_SEARCH_USER_PATHS = NO;
				CLANG_ANALYZER_NONNULL = YES;
				CLANG_ANALYZER_NUMBER_OBJECT_CONVERSION = YES_AGGRESSIVE;
				CLANG_CXX_LANGUAGE_STANDARD = "gnu++14";
				CLANG_CXX_LIBRARY = "libc++";
				CLANG_ENABLE_MODULES = YES;
				CLANG_ENABLE_OBJC_ARC = YES;
				CLANG_WARN_BLOCK_CAPTURE_AUTORELEASING = YES;
				CLANG_WARN_BOOL_CONVERSION = YES;
				CLANG_WARN_COMMA = YES;
				CLANG_WARN_CONSTANT_CONVERSION = YES;
				CLANG_WARN_DIRECT_OBJC_ISA_USAGE = YES_ERROR;
				CLANG_WARN_DOCUMENTATION_COMMENTS = YES;
				CLANG_WARN_EMPTY_BODY = YES;
				CLANG_WARN_ENUM_CONVERSION = YES;
				CLANG_WARN_INFINITE_RECURSION = YES;
				CLANG_WARN_INT_CONVERSION = YES;
				CLANG_WARN_OBJC_ROOT_CLASS = YES_ERROR;
				CLANG_WARN_RANGE_LOOP_ANALYSIS = YES;
				CLANG_WARN_STRICT_PROTOTYPES = YES;
				CLANG_WARN_SUSPICIOUS_MOVE = YES;
				CLANG_WARN_UNGUARDED_AVAILABILITY = YES_AGGRESSIVE;
				CLANG_WARN_UNREACHABLE_CODE = YES;
				CLANG_WARN__DUPLICATE_METHOD_MATCH = YES;
				CODE_SIGN_IDENTITY = "-";
				COPY_PHASE_STRIP = NO;
				DEBUG_INFORMATION_FORMAT = dwarf;
				ENABLE_STRICT_OBJC_MSGSEND = YES;
				ENABLE_TESTABILITY = YES;
				GCC_C_LANGUAGE_STANDARD = gnu11;
				GCC_DYNAMIC_NO_PIC = NO;
				GCC_NO_COMMON_BLOCKS = YES;
				GCC_OPTIMIZATION_LEVEL = 0;
				GCC_PREPROCESSOR_DEFINITIONS = (
					"DEBUG=1",
					"$(inherited)",
				);
				GCC_WARN_64_TO_32_BIT_CONVERSION = YES;
				GCC_WARN_ABOUT_RETURN_TYPE = YES_ERROR;
				GCC_WARN_UNDECLARED_SELECTOR = YES;
				GCC_WARN_UNINITIALIZED_AUTOS = YES_AGGRESSIVE;
				GCC_WARN_UNUSED_FUNCTION = YES;
				GCC_WARN_UNUSED_VARIABLE = YES;
				MACOSX_DEPLOYMENT_TARGET = 10.13;
				MTL_ENABLE_DEBUG_INFO = YES;
				ONLY_ACTIVE_ARCH = YES;
				SDKROOT = macosx;
				SWIFT_ACTIVE_COMPILATION_CONDITIONS = DEBUG;
				SWIFT_OPTIMIZATION_LEVEL = "-Onone";
			};
			name = Debug;
		};
		0CB13FFC1F01B3AC00D3F18A /* Release */ = {
			isa = XCBuildConfiguration;
			buildSettings = {
				ALWAYS_SEARCH_USER_PATHS = NO;
				CLANG_ANALYZER_NONNULL = YES;
				CLANG_ANALYZER_NUMBER_OBJECT_CONVERSION = YES_AGGRESSIVE;
				CLANG_CXX_LANGUAGE_STANDARD = "gnu++14";
				CLANG_CXX_LIBRARY = "libc++";
				CLANG_ENABLE_MODULES = YES;
				CLANG_ENABLE_OBJC_ARC = YES;
				CLANG_WARN_BLOCK_CAPTURE_AUTORELEASING = YES;
				CLANG_WARN_BOOL_CONVERSION = YES;
				CLANG_WARN_COMMA = YES;
				CLANG_WARN_CONSTANT_CONVERSION = YES;
				CLANG_WARN_DIRECT_OBJC_ISA_USAGE = YES_ERROR;
				CLANG_WARN_DOCUMENTATION_COMMENTS = YES;
				CLANG_WARN_EMPTY_BODY = YES;
				CLANG_WARN_ENUM_CONVERSION = YES;
				CLANG_WARN_INFINITE_RECURSION = YES;
				CLANG_WARN_INT_CONVERSION = YES;
				CLANG_WARN_OBJC_ROOT_CLASS = YES_ERROR;
				CLANG_WARN_RANGE_LOOP_ANALYSIS = YES;
				CLANG_WARN_STRICT_PROTOTYPES = YES;
				CLANG_WARN_SUSPICIOUS_MOVE = YES;
				CLANG_WARN_UNGUARDED_AVAILABILITY = YES_AGGRESSIVE;
				CLANG_WARN_UNREACHABLE_CODE = YES;
				CLANG_WARN__DUPLICATE_METHOD_MATCH = YES;
				CODE_SIGN_IDENTITY = "-";
				COPY_PHASE_STRIP = NO;
				DEBUG_INFORMATION_FORMAT = "dwarf-with-dsym";
				ENABLE_NS_ASSERTIONS = NO;
				ENABLE_STRICT_OBJC_MSGSEND = YES;
				GCC_C_LANGUAGE_STANDARD = gnu11;
				GCC_NO_COMMON_BLOCKS = YES;
				GCC_WARN_64_TO_32_BIT_CONVERSION = YES;
				GCC_WARN_ABOUT_RETURN_TYPE = YES_ERROR;
				GCC_WARN_UNDECLARED_SELECTOR = YES;
				GCC_WARN_UNINITIALIZED_AUTOS = YES_AGGRESSIVE;
				GCC_WARN_UNUSED_FUNCTION = YES;
				GCC_WARN_UNUSED_VARIABLE = YES;
				MACOSX_DEPLOYMENT_TARGET = 10.13;
				MTL_ENABLE_DEBUG_INFO = NO;
				SDKROOT = macosx;
				SWIFT_OPTIMIZATION_LEVEL = "-Owholemodule";
			};
			name = Release;
		};
		0CB13FFE1F01B3AC00D3F18A /* Debug */ = {
			isa = XCBuildConfiguration;
			buildSettings = {
				ASSETCATALOG_COMPILER_APPICON_NAME = AppIcon;
				CLANG_ENABLE_MODULES = YES;
				CODE_SIGN_ENTITLEMENTS = Machine/Machine.entitlements;
				COMBINE_HIDPI_IMAGES = YES;
				INFOPLIST_FILE = Machine/Info.plist;
				LD_RUNPATH_SEARCH_PATHS = "$(inherited) @executable_path/../Frameworks";
				PRODUCT_BUNDLE_IDENTIFIER = com.edge.Machine;
				PRODUCT_NAME = "$(TARGET_NAME)";
				SWIFT_OBJC_BRIDGING_HEADER = "Machine/Machine-Bridging-Header.h";
				SWIFT_OPTIMIZATION_LEVEL = "-Onone";
				SWIFT_VERSION = 4.0;
			};
			name = Debug;
		};
		0CB13FFF1F01B3AC00D3F18A /* Release */ = {
			isa = XCBuildConfiguration;
			buildSettings = {
				ASSETCATALOG_COMPILER_APPICON_NAME = AppIcon;
				CLANG_ENABLE_MODULES = YES;
				CODE_SIGN_ENTITLEMENTS = Machine/Machine.entitlements;
				COMBINE_HIDPI_IMAGES = YES;
				INFOPLIST_FILE = Machine/Info.plist;
				LD_RUNPATH_SEARCH_PATHS = "$(inherited) @executable_path/../Frameworks";
				PRODUCT_BUNDLE_IDENTIFIER = com.edge.Machine;
				PRODUCT_NAME = "$(TARGET_NAME)";
				SWIFT_OBJC_BRIDGING_HEADER = "Machine/Machine-Bridging-Header.h";
				SWIFT_VERSION = 4.0;
			};
			name = Release;
		};
/* End XCBuildConfiguration section */

/* Begin XCConfigurationList section */
		0CB13FE81F01B3AC00D3F18A /* Build configuration list for PBXProject "Machine" */ = {
			isa = XCConfigurationList;
			buildConfigurations = (
				0CB13FFB1F01B3AC00D3F18A /* Debug */,
				0CB13FFC1F01B3AC00D3F18A /* Release */,
			);
			defaultConfigurationIsVisible = 0;
			defaultConfigurationName = Release;
		};
		0CB13FFD1F01B3AC00D3F18A /* Build configuration list for PBXNativeTarget "Machine" */ = {
			isa = XCConfigurationList;
			buildConfigurations = (
				0CB13FFE1F01B3AC00D3F18A /* Debug */,
				0CB13FFF1F01B3AC00D3F18A /* Release */,
			);
			defaultConfigurationIsVisible = 0;
			defaultConfigurationName = Release;
		};
/* End XCConfigurationList section */
	};
	rootObject = 0CB13FE51F01B3AC00D3F18A /* Project object */;
}
